
Microsoft Visual Studio Solution File, Format Version 12.00
# Visual Studio 15
VisualStudioVersion = 15.0.27130.2036
MinimumVisualStudioVersion = 10.0.40219.1
Project("{FAE04EC0-301F-11D3-BF4B-00C04F79EFBC}") = "VGMGUI", "VGMGUI\VGMGUI.csproj", "{BF9E1994-D264-4C62-AD23-C43B20C98DED}"
EndProject
Global
	GlobalSection(SolutionConfigurationPlatforms) = preSolution
		Debug|Any CPU = Debug|Any CPU
		Release|Any CPU = Release|Any CPU
	EndGlobalSection
	GlobalSection(ProjectConfigurationPlatforms) = postSolution
		{BF9E1994-D264-4C62-AD23-C43B20C98DED}.Debug|Any CPU.ActiveCfg = Debug|Any CPU
		{BF9E1994-D264-4C62-AD23-C43B20C98DED}.Debug|Any CPU.Build.0 = Debug|Any CPU
		{BF9E1994-D264-4C62-AD23-C43B20C98DED}.Release|Any CPU.ActiveCfg = Release|Any CPU
		{BF9E1994-D264-4C62-AD23-C43B20C98DED}.Release|Any CPU.Build.0 = Release|Any CPU
	EndGlobalSection
	GlobalSection(SolutionProperties) = preSolution
		HideSolutionNode = FALSE
	EndGlobalSection
	GlobalSection(ExtensibilityGlobals) = postSolution
		SolutionGuid = {7B5E240E-9357-44AE-A2CE-ED9DD4CFD1DB}
	EndGlobalSection
EndGlobal
